
Microsoft Visual Studio Solution File, Format Version 12.00
# Visual Studio Version 17
VisualStudioVersion = 17.3.32825.248
MinimumVisualStudioVersion = 10.0.40219.1
Project("{9A19103F-16F7-4668-BE54-9A1E7A4F7556}") = "MinimalHeaviestSetA", "MinimalHeaviestSetA\MinimalHeaviestSetA.csproj", "{32572580-11AE-484D-A4A5-FC0693ED8284}"
EndProject
Project("{9A19103F-16F7-4668-BE54-9A1E7A4F7556}") = "__TestProject1", "TestProject1\__TestProject1.csproj", "{C0F2C9F9-1E34-4E4C-8BC4-CBC7B777B08C}"
EndProject
Project("{9A19103F-16F7-4668-BE54-9A1E7A4F7556}") = "CaesarCipher", "CaesarCipher\CaesarCipher.csproj", "{E3DB8165-D6CD-4631-8062-3CDFB5B45652}"
EndProject
Project("{9A19103F-16F7-4668-BE54-9A1E7A4F7556}") = "Mars Exploration", "Mars Exploration\Mars Exploration.csproj", "{8ED3035F-AED9-4DAB-8CA2-355E8BEEE91C}"
EndProject
Project("{9A19103F-16F7-4668-BE54-9A1E7A4F7556}") = "MinMaxSum", "MinMaxSum\MinMaxSum.csproj", "{B37FD022-E69F-469D-9646-86AB958DC65E}"
EndProject
Project("{9A19103F-16F7-4668-BE54-9A1E7A4F7556}") = "BirthdayCakeCandles", "BirthdayCakeCandles\BirthdayCakeCandles.csproj", "{FA420175-C534-4EAA-B570-54C6E435072E}"
EndProject
Project("{9A19103F-16F7-4668-BE54-9A1E7A4F7556}") = "TimeConversion", "TimeConversion\TimeConversion.csproj", "{E298596A-5691-4160-BE65-72A8BF94BE71}"
EndProject
Project("{9A19103F-16F7-4668-BE54-9A1E7A4F7556}") = "GradingStudents", "GradingStudents\GradingStudents.csproj", "{18CA187C-4CF0-413C-BDE9-1801732F683B}"
EndProject
Project("{9A19103F-16F7-4668-BE54-9A1E7A4F7556}") = "AppleAndOrange", "AppleAndOrange\AppleAndOrange.csproj", "{B9320BD3-28A1-49CB-A2CC-84B5EE5F3DAF}"
EndProject
Project("{9A19103F-16F7-4668-BE54-9A1E7A4F7556}") = "NumberLineJumps", "NumberLineJumps\NumberLineJumps.csproj", "{7D630F0D-735A-4561-AAEF-2E7EFB196AE1}"
EndProject
Project("{9A19103F-16F7-4668-BE54-9A1E7A4F7556}") = "BetweenTwoSets", "BetweenTwoSets\BetweenTwoSets.csproj", "{283D1D7F-7DF1-4A9D-8748-479C0966D358}"
EndProject
Project("{9A19103F-16F7-4668-BE54-9A1E7A4F7556}") = "BreakingTheRecords", "BreakingTheRecords\BreakingTheRecords.csproj", "{8772BD6D-DF69-4920-83A4-C679AE5406AF}"
EndProject
Project("{9A19103F-16F7-4668-BE54-9A1E7A4F7556}") = "DayOfTheProgrammer", "DayOfTheProgrammer\DayOfTheProgrammer.csproj", "{0CA2FCD4-64AE-4668-98C4-2FDC6AF866D8}"
EndProject
Project("{9A19103F-16F7-4668-BE54-9A1E7A4F7556}") = "TheTimeInWords", "TheTimeInWords\TheTimeInWords.csproj", "{3D9B3332-EF21-4BE4-9B08-3472D506BC8C}"
EndProject
Project("{9A19103F-16F7-4668-BE54-9A1E7A4F7556}") = "FindDigits", "FindDigits\FindDigits.csproj", "{54A5E098-6588-4A25-B89B-6C100DE40E27}"
EndProject
Project("{9A19103F-16F7-4668-BE54-9A1E7A4F7556}") = "FormingAMagicSquare", "FormingAMagicSquare\FormingAMagicSquare.csproj", "{E33B590D-1467-4224-9972-C40BBF81E128}"
EndProject
Project("{9A19103F-16F7-4668-BE54-9A1E7A4F7556}") = "ClimbingTheLeaderboard", "ClimbingTheLeaderboard\ClimbingTheLeaderboard.csproj", "{22B12BED-49E8-4805-8915-85E791C6E319}"
EndProject
Project("{9A19103F-16F7-4668-BE54-9A1E7A4F7556}") = "HakerRankEncryption", "HakerRankEncryption\HakerRankEncryption.csproj", "{7583FE73-8C57-49CA-B1F5-E3DCD2BBBA1F}"
EndProject
Project("{9A19103F-16F7-4668-BE54-9A1E7A4F7556}") = "SubarrayDivision", "SubarrayDivision\SubarrayDivision.csproj", "{6C42944B-783E-485B-9F06-72F0C6604C4F}"
EndProject
Project("{9A19103F-16F7-4668-BE54-9A1E7A4F7556}") = "DesignerPDFViewer", "DesignerPDFViewer\DesignerPDFViewer.csproj", "{C3A0D6AF-CCB3-403F-A758-69A7396CD253}"
EndProject
Project("{9A19103F-16F7-4668-BE54-9A1E7A4F7556}") = "UtopianTree", "UtopianTree\UtopianTree.csproj", "{B33F7671-B561-4DA7-99F5-F30300237112}"
EndProject
Project("{9A19103F-16F7-4668-BE54-9A1E7A4F7556}") = "AngryProfessor", "AngryProfessor\AngryProfessor.csproj", "{C676E28B-FCEA-48B7-87CC-67C2A4B225CC}"
EndProject
Project("{9A19103F-16F7-4668-BE54-9A1E7A4F7556}") = "DataSructures_ArraysDS", "DataSructures_ArraysDS\DataSructures_ArraysDS.csproj", "{C4CD0413-E482-44B1-92F4-E7567260D2AC}"
EndProject
Project("{FAE04EC0-301F-11D3-BF4B-00C04F79EFBC}") = "DataSructures_DynamicArray", "DataSructures_DynamicArray\DataSructures_DynamicArray.csproj", "{D4501724-D4F4-40A9-850F-8F3E9FD47324}"
EndProject
Project("{FAE04EC0-301F-11D3-BF4B-00C04F79EFBC}") = "ElectronicsShop", "ElectronicsShop\ElectronicsShop.csproj", "{2AA07AEC-4B68-4F8C-B0E2-26E5C1C3164E}"
EndProject
Project("{FAE04EC0-301F-11D3-BF4B-00C04F79EFBC}") = "StrangeCounter", "StrangeCounter\StrangeCounter.csproj", "{2B229795-0093-4C4E-8664-90B8FBDF75B2}"
EndProject
Global
	GlobalSection(SolutionConfigurationPlatforms) = preSolution
		Debug|Any CPU = Debug|Any CPU
		Release|Any CPU = Release|Any CPU
	EndGlobalSection
	GlobalSection(ProjectConfigurationPlatforms) = postSolution
		{32572580-11AE-484D-A4A5-FC0693ED8284}.Debug|Any CPU.ActiveCfg = Debug|Any CPU
		{32572580-11AE-484D-A4A5-FC0693ED8284}.Debug|Any CPU.Build.0 = Debug|Any CPU
		{32572580-11AE-484D-A4A5-FC0693ED8284}.Release|Any CPU.ActiveCfg = Release|Any CPU
		{32572580-11AE-484D-A4A5-FC0693ED8284}.Release|Any CPU.Build.0 = Release|Any CPU
		{C0F2C9F9-1E34-4E4C-8BC4-CBC7B777B08C}.Debug|Any CPU.ActiveCfg = Debug|Any CPU
		{C0F2C9F9-1E34-4E4C-8BC4-CBC7B777B08C}.Debug|Any CPU.Build.0 = Debug|Any CPU
		{C0F2C9F9-1E34-4E4C-8BC4-CBC7B777B08C}.Release|Any CPU.ActiveCfg = Release|Any CPU
		{C0F2C9F9-1E34-4E4C-8BC4-CBC7B777B08C}.Release|Any CPU.Build.0 = Release|Any CPU
		{E3DB8165-D6CD-4631-8062-3CDFB5B45652}.Debug|Any CPU.ActiveCfg = Debug|Any CPU
		{E3DB8165-D6CD-4631-8062-3CDFB5B45652}.Debug|Any CPU.Build.0 = Debug|Any CPU
		{E3DB8165-D6CD-4631-8062-3CDFB5B45652}.Release|Any CPU.ActiveCfg = Release|Any CPU
		{E3DB8165-D6CD-4631-8062-3CDFB5B45652}.Release|Any CPU.Build.0 = Release|Any CPU
		{8ED3035F-AED9-4DAB-8CA2-355E8BEEE91C}.Debug|Any CPU.ActiveCfg = Debug|Any CPU
		{8ED3035F-AED9-4DAB-8CA2-355E8BEEE91C}.Debug|Any CPU.Build.0 = Debug|Any CPU
		{8ED3035F-AED9-4DAB-8CA2-355E8BEEE91C}.Release|Any CPU.ActiveCfg = Release|Any CPU
		{8ED3035F-AED9-4DAB-8CA2-355E8BEEE91C}.Release|Any CPU.Build.0 = Release|Any CPU
		{B37FD022-E69F-469D-9646-86AB958DC65E}.Debug|Any CPU.ActiveCfg = Debug|Any CPU
		{B37FD022-E69F-469D-9646-86AB958DC65E}.Debug|Any CPU.Build.0 = Debug|Any CPU
		{B37FD022-E69F-469D-9646-86AB958DC65E}.Release|Any CPU.ActiveCfg = Release|Any CPU
		{B37FD022-E69F-469D-9646-86AB958DC65E}.Release|Any CPU.Build.0 = Release|Any CPU
		{FA420175-C534-4EAA-B570-54C6E435072E}.Debug|Any CPU.ActiveCfg = Debug|Any CPU
		{FA420175-C534-4EAA-B570-54C6E435072E}.Debug|Any CPU.Build.0 = Debug|Any CPU
		{FA420175-C534-4EAA-B570-54C6E435072E}.Release|Any CPU.ActiveCfg = Release|Any CPU
		{FA420175-C534-4EAA-B570-54C6E435072E}.Release|Any CPU.Build.0 = Release|Any CPU
		{E298596A-5691-4160-BE65-72A8BF94BE71}.Debug|Any CPU.ActiveCfg = Debug|Any CPU
		{E298596A-5691-4160-BE65-72A8BF94BE71}.Debug|Any CPU.Build.0 = Debug|Any CPU
		{E298596A-5691-4160-BE65-72A8BF94BE71}.Release|Any CPU.ActiveCfg = Release|Any CPU
		{E298596A-5691-4160-BE65-72A8BF94BE71}.Release|Any CPU.Build.0 = Release|Any CPU
		{18CA187C-4CF0-413C-BDE9-1801732F683B}.Debug|Any CPU.ActiveCfg = Debug|Any CPU
		{18CA187C-4CF0-413C-BDE9-1801732F683B}.Debug|Any CPU.Build.0 = Debug|Any CPU
		{18CA187C-4CF0-413C-BDE9-1801732F683B}.Release|Any CPU.ActiveCfg = Release|Any CPU
		{18CA187C-4CF0-413C-BDE9-1801732F683B}.Release|Any CPU.Build.0 = Release|Any CPU
		{B9320BD3-28A1-49CB-A2CC-84B5EE5F3DAF}.Debug|Any CPU.ActiveCfg = Debug|Any CPU
		{B9320BD3-28A1-49CB-A2CC-84B5EE5F3DAF}.Debug|Any CPU.Build.0 = Debug|Any CPU
		{B9320BD3-28A1-49CB-A2CC-84B5EE5F3DAF}.Release|Any CPU.ActiveCfg = Release|Any CPU
		{B9320BD3-28A1-49CB-A2CC-84B5EE5F3DAF}.Release|Any CPU.Build.0 = Release|Any CPU
		{7D630F0D-735A-4561-AAEF-2E7EFB196AE1}.Debug|Any CPU.ActiveCfg = Debug|Any CPU
		{7D630F0D-735A-4561-AAEF-2E7EFB196AE1}.Debug|Any CPU.Build.0 = Debug|Any CPU
		{7D630F0D-735A-4561-AAEF-2E7EFB196AE1}.Release|Any CPU.ActiveCfg = Release|Any CPU
		{7D630F0D-735A-4561-AAEF-2E7EFB196AE1}.Release|Any CPU.Build.0 = Release|Any CPU
		{283D1D7F-7DF1-4A9D-8748-479C0966D358}.Debug|Any CPU.ActiveCfg = Debug|Any CPU
		{283D1D7F-7DF1-4A9D-8748-479C0966D358}.Debug|Any CPU.Build.0 = Debug|Any CPU
		{283D1D7F-7DF1-4A9D-8748-479C0966D358}.Release|Any CPU.ActiveCfg = Release|Any CPU
		{283D1D7F-7DF1-4A9D-8748-479C0966D358}.Release|Any CPU.Build.0 = Release|Any CPU
		{8772BD6D-DF69-4920-83A4-C679AE5406AF}.Debug|Any CPU.ActiveCfg = Debug|Any CPU
		{8772BD6D-DF69-4920-83A4-C679AE5406AF}.Debug|Any CPU.Build.0 = Debug|Any CPU
		{8772BD6D-DF69-4920-83A4-C679AE5406AF}.Release|Any CPU.ActiveCfg = Release|Any CPU
		{8772BD6D-DF69-4920-83A4-C679AE5406AF}.Release|Any CPU.Build.0 = Release|Any CPU
		{0CA2FCD4-64AE-4668-98C4-2FDC6AF866D8}.Debug|Any CPU.ActiveCfg = Debug|Any CPU
		{0CA2FCD4-64AE-4668-98C4-2FDC6AF866D8}.Debug|Any CPU.Build.0 = Debug|Any CPU
		{0CA2FCD4-64AE-4668-98C4-2FDC6AF866D8}.Release|Any CPU.ActiveCfg = Release|Any CPU
		{0CA2FCD4-64AE-4668-98C4-2FDC6AF866D8}.Release|Any CPU.Build.0 = Release|Any CPU
		{3D9B3332-EF21-4BE4-9B08-3472D506BC8C}.Debug|Any CPU.ActiveCfg = Debug|Any CPU
		{3D9B3332-EF21-4BE4-9B08-3472D506BC8C}.Debug|Any CPU.Build.0 = Debug|Any CPU
		{3D9B3332-EF21-4BE4-9B08-3472D506BC8C}.Release|Any CPU.ActiveCfg = Release|Any CPU
		{3D9B3332-EF21-4BE4-9B08-3472D506BC8C}.Release|Any CPU.Build.0 = Release|Any CPU
		{54A5E098-6588-4A25-B89B-6C100DE40E27}.Debug|Any CPU.ActiveCfg = Debug|Any CPU
		{54A5E098-6588-4A25-B89B-6C100DE40E27}.Debug|Any CPU.Build.0 = Debug|Any CPU
		{54A5E098-6588-4A25-B89B-6C100DE40E27}.Release|Any CPU.ActiveCfg = Release|Any CPU
		{54A5E098-6588-4A25-B89B-6C100DE40E27}.Release|Any CPU.Build.0 = Release|Any CPU
		{E33B590D-1467-4224-9972-C40BBF81E128}.Debug|Any CPU.ActiveCfg = Debug|Any CPU
		{E33B590D-1467-4224-9972-C40BBF81E128}.Debug|Any CPU.Build.0 = Debug|Any CPU
		{E33B590D-1467-4224-9972-C40BBF81E128}.Release|Any CPU.ActiveCfg = Release|Any CPU
		{E33B590D-1467-4224-9972-C40BBF81E128}.Release|Any CPU.Build.0 = Release|Any CPU
		{22B12BED-49E8-4805-8915-85E791C6E319}.Debug|Any CPU.ActiveCfg = Debug|Any CPU
		{22B12BED-49E8-4805-8915-85E791C6E319}.Debug|Any CPU.Build.0 = Debug|Any CPU
		{22B12BED-49E8-4805-8915-85E791C6E319}.Release|Any CPU.ActiveCfg = Release|Any CPU
		{22B12BED-49E8-4805-8915-85E791C6E319}.Release|Any CPU.Build.0 = Release|Any CPU
		{7583FE73-8C57-49CA-B1F5-E3DCD2BBBA1F}.Debug|Any CPU.ActiveCfg = Debug|Any CPU
		{7583FE73-8C57-49CA-B1F5-E3DCD2BBBA1F}.Debug|Any CPU.Build.0 = Debug|Any CPU
		{7583FE73-8C57-49CA-B1F5-E3DCD2BBBA1F}.Release|Any CPU.ActiveCfg = Release|Any CPU
		{7583FE73-8C57-49CA-B1F5-E3DCD2BBBA1F}.Release|Any CPU.Build.0 = Release|Any CPU
		{6C42944B-783E-485B-9F06-72F0C6604C4F}.Debug|Any CPU.ActiveCfg = Debug|Any CPU
		{6C42944B-783E-485B-9F06-72F0C6604C4F}.Debug|Any CPU.Build.0 = Debug|Any CPU
		{6C42944B-783E-485B-9F06-72F0C6604C4F}.Release|Any CPU.ActiveCfg = Release|Any CPU
		{6C42944B-783E-485B-9F06-72F0C6604C4F}.Release|Any CPU.Build.0 = Release|Any CPU
		{C3A0D6AF-CCB3-403F-A758-69A7396CD253}.Debug|Any CPU.ActiveCfg = Debug|Any CPU
		{C3A0D6AF-CCB3-403F-A758-69A7396CD253}.Debug|Any CPU.Build.0 = Debug|Any CPU
		{C3A0D6AF-CCB3-403F-A758-69A7396CD253}.Release|Any CPU.ActiveCfg = Release|Any CPU
		{C3A0D6AF-CCB3-403F-A758-69A7396CD253}.Release|Any CPU.Build.0 = Release|Any CPU
		{B33F7671-B561-4DA7-99F5-F30300237112}.Debug|Any CPU.ActiveCfg = Debug|Any CPU
		{B33F7671-B561-4DA7-99F5-F30300237112}.Debug|Any CPU.Build.0 = Debug|Any CPU
		{B33F7671-B561-4DA7-99F5-F30300237112}.Release|Any CPU.ActiveCfg = Release|Any CPU
		{B33F7671-B561-4DA7-99F5-F30300237112}.Release|Any CPU.Build.0 = Release|Any CPU
		{C676E28B-FCEA-48B7-87CC-67C2A4B225CC}.Debug|Any CPU.ActiveCfg = Debug|Any CPU
		{C676E28B-FCEA-48B7-87CC-67C2A4B225CC}.Debug|Any CPU.Build.0 = Debug|Any CPU
		{C676E28B-FCEA-48B7-87CC-67C2A4B225CC}.Release|Any CPU.ActiveCfg = Release|Any CPU
		{C676E28B-FCEA-48B7-87CC-67C2A4B225CC}.Release|Any CPU.Build.0 = Release|Any CPU
		{C4CD0413-E482-44B1-92F4-E7567260D2AC}.Debug|Any CPU.ActiveCfg = Debug|Any CPU
		{C4CD0413-E482-44B1-92F4-E7567260D2AC}.Debug|Any CPU.Build.0 = Debug|Any CPU
		{C4CD0413-E482-44B1-92F4-E7567260D2AC}.Release|Any CPU.ActiveCfg = Release|Any CPU
		{C4CD0413-E482-44B1-92F4-E7567260D2AC}.Release|Any CPU.Build.0 = Release|Any CPU
		{D4501724-D4F4-40A9-850F-8F3E9FD47324}.Debug|Any CPU.ActiveCfg = Debug|Any CPU
		{D4501724-D4F4-40A9-850F-8F3E9FD47324}.Debug|Any CPU.Build.0 = Debug|Any CPU
		{D4501724-D4F4-40A9-850F-8F3E9FD47324}.Release|Any CPU.ActiveCfg = Release|Any CPU
		{D4501724-D4F4-40A9-850F-8F3E9FD47324}.Release|Any CPU.Build.0 = Release|Any CPU
		{2AA07AEC-4B68-4F8C-B0E2-26E5C1C3164E}.Debug|Any CPU.ActiveCfg = Debug|Any CPU
		{2AA07AEC-4B68-4F8C-B0E2-26E5C1C3164E}.Debug|Any CPU.Build.0 = Debug|Any CPU
		{2AA07AEC-4B68-4F8C-B0E2-26E5C1C3164E}.Release|Any CPU.ActiveCfg = Release|Any CPU
		{2AA07AEC-4B68-4F8C-B0E2-26E5C1C3164E}.Release|Any CPU.Build.0 = Release|Any CPU
		{2B229795-0093-4C4E-8664-90B8FBDF75B2}.Debug|Any CPU.ActiveCfg = Debug|Any CPU
		{2B229795-0093-4C4E-8664-90B8FBDF75B2}.Debug|Any CPU.Build.0 = Debug|Any CPU
		{2B229795-0093-4C4E-8664-90B8FBDF75B2}.Release|Any CPU.ActiveCfg = Release|Any CPU
		{2B229795-0093-4C4E-8664-90B8FBDF75B2}.Release|Any CPU.Build.0 = Release|Any CPU
	EndGlobalSection
	GlobalSection(SolutionProperties) = preSolution
		HideSolutionNode = FALSE
	EndGlobalSection
	GlobalSection(ExtensibilityGlobals) = postSolution
		SolutionGuid = {800E6F91-9F58-4BC9-8F74-2737FC20BA4B}
	EndGlobalSection
EndGlobal
